<?xml version="1.0" encoding="UTF-8"?>
<CodeBlocks_project_file>
	<FileVersion major="1" minor="6"/>
	<Project>
		<Option title="nibac"/>
		<Option makefile_is_custom="1"/>
		<Option compiler="gcc"/>
		<Option virtualFolders="CMake Files\;CMake Files\nauty22-prefix\;CMake Files\nauty22-prefix\tmp\;"/>
		<Build>
			<Target title="all">
				<Option working_dir="/Users/vorpal/Development/C++/nibac"/>
				<Option type="4"/>
				<MakeCommands>
					<Build command="/usr/bin/make -f &quot;/Users/vorpal/Development/C++/nibac/Makefile&quot;  VERBOSE=1 all"/>
					<CompileFile command="/usr/bin/make -f &quot;/Users/vorpal/Development/C++/nibac/Makefile&quot;  VERBOSE=1 &quot;$file&quot;"/>
					<Clean command="/usr/bin/make -f &quot;/Users/vorpal/Development/C++/nibac/Makefile&quot;  VERBOSE=1 clean"/>
					<DistClean command="/usr/bin/make -f &quot;/Users/vorpal/Development/C++/nibac/Makefile&quot;  VERBOSE=1 clean"/>
				</MakeCommands>
			</Target>
			<Target title="rebuild_cache">
				<Option working_dir="/Users/vorpal/Development/C++/nibac"/>
				<Option type="4"/>
				<MakeCommands>
					<Build command="/usr/bin/make -f &quot;/Users/vorpal/Development/C++/nibac/Makefile&quot;  VERBOSE=1 rebuild_cache"/>
					<CompileFile command="/usr/bin/make -f &quot;/Users/vorpal/Development/C++/nibac/Makefile&quot;  VERBOSE=1 &quot;$file&quot;"/>
					<Clean command="/usr/bin/make -f &quot;/Users/vorpal/Development/C++/nibac/Makefile&quot;  VERBOSE=1 clean"/>
					<DistClean command="/usr/bin/make -f &quot;/Users/vorpal/Development/C++/nibac/Makefile&quot;  VERBOSE=1 clean"/>
				</MakeCommands>
			</Target>
			<Target title="edit_cache">
				<Option working_dir="/Users/vorpal/Development/C++/nibac"/>
				<Option type="4"/>
				<MakeCommands>
					<Build command="/usr/bin/make -f &quot;/Users/vorpal/Development/C++/nibac/Makefile&quot;  VERBOSE=1 edit_cache"/>
					<CompileFile command="/usr/bin/make -f &quot;/Users/vorpal/Development/C++/nibac/Makefile&quot;  VERBOSE=1 &quot;$file&quot;"/>
					<Clean command="/usr/bin/make -f &quot;/Users/vorpal/Development/C++/nibac/Makefile&quot;  VERBOSE=1 clean"/>
					<DistClean command="/usr/bin/make -f &quot;/Users/vorpal/Development/C++/nibac/Makefile&quot;  VERBOSE=1 clean"/>
				</MakeCommands>
			</Target>
			<Target title="nauty22">
				<Option working_dir="/Users/vorpal/Development/C++/nibac"/>
				<Option type="4"/>
				<MakeCommands>
					<Build command="/usr/bin/make -f &quot;/Users/vorpal/Development/C++/nibac/Makefile&quot;  VERBOSE=1 nauty22"/>
					<CompileFile command="/usr/bin/make -f &quot;/Users/vorpal/Development/C++/nibac/Makefile&quot;  VERBOSE=1 &quot;$file&quot;"/>
					<Clean command="/usr/bin/make -f &quot;/Users/vorpal/Development/C++/nibac/Makefile&quot;  VERBOSE=1 clean"/>
					<DistClean command="/usr/bin/make -f &quot;/Users/vorpal/Development/C++/nibac/Makefile&quot;  VERBOSE=1 clean"/>
				</MakeCommands>
			</Target>
		</Build>
		<Unit filename="/Users/vorpal/Development/C++/nibac/CMakeLists.txt">
			<Option virtualFolder="CMake Files\"/>
		</Unit>
		<Unit filename="/Users/vorpal/Development/C++/nibac/nauty22-prefix/tmp/nauty22-cfgcmd.txt.in">
			<Option virtualFolder="CMake Files\nauty22-prefix\tmp\"/>
		</Unit>
	</Project>
</CodeBlocks_project_file>
